
Microsoft Visual Studio Solution File, Format Version 12.00
# Visual Studio Version 17
VisualStudioVersion = 17.7.34009.444
MinimumVisualStudioVersion = 10.0.40219.1
Project("{8BC9CEB8-8B4A-11D0-8D11-00A0C91BC942}") = "NestedLoops", "NestedLoops.vcxproj", "{FF32DC0F-6592-4E60-A553-B2CAAD535A20}"
EndProject
Global
	GlobalSection(SolutionConfigurationPlatforms) = preSolution
		Debug|x64 = Debug|x64
		Debug|x86 = Debug|x86
		Release|x64 = Release|x64
		Release|x86 = Release|x86
	EndGlobalSection
	GlobalSection(ProjectConfigurationPlatforms) = postSolution
		{FF32DC0F-6592-4E60-A553-B2CAAD535A20}.Debug|x64.ActiveCfg = Debug|x64
		{FF32DC0F-6592-4E60-A553-B2CAAD535A20}.Debug|x64.Build.0 = Debug|x64
		{FF32DC0F-6592-4E60-A553-B2CAAD535A20}.Debug|x86.ActiveCfg = Debug|Win32
		{FF32DC0F-6592-4E60-A553-B2CAAD535A20}.Debug|x86.Build.0 = Debug|Win32
		{FF32DC0F-6592-4E60-A553-B2CAAD535A20}.Release|x64.ActiveCfg = Release|x64
		{FF32DC0F-6592-4E60-A553-B2CAAD535A20}.Release|x64.Build.0 = Release|x64
		{FF32DC0F-6592-4E60-A553-B2CAAD535A20}.Release|x86.ActiveCfg = Release|Win32
		{FF32DC0F-6592-4E60-A553-B2CAAD535A20}.Release|x86.Build.0 = Release|Win32
	EndGlobalSection
	GlobalSection(SolutionProperties) = preSolution
		HideSolutionNode = FALSE
	EndGlobalSection
	GlobalSection(ExtensibilityGlobals) = postSolution
		SolutionGuid = {ED99625E-7F92-40CE-BD39-1DB90FEDF3F1}
	EndGlobalSection
EndGlobal
